<?xml version="1.0" encoding="UTF-8" standalone="yes" ?>
<CodeBlocks_project_file>
	<FileVersion major="1" minor="6" />
	<Project>
		<Option title="TecnoGestion" />
		<Option pch_mode="2" />
		<Option compiler="gcc" />
		<Build>
			<Target title="Debug">
				<Option output="bin/Debug/TecnoGestion" prefix_auto="1" extension_auto="1" />
				<Option object_output="obj/Debug/" />
				<Option type="1" />
				<Option compiler="gcc" />
				<Compiler>
					<Add option="-g" />
				</Compiler>
			</Target>
			<Target title="Release">
				<Option output="bin/Release/TecnoGestion" prefix_auto="1" extension_auto="1" />
				<Option object_output="obj/Release/" />
				<Option type="1" />
				<Option compiler="gcc" />
				<Compiler>
					<Add option="-O2" />
				</Compiler>
				<Linker>
					<Add option="-s" />
				</Linker>
			</Target>
		</Build>
		<Compiler>
			<Add option="-Wall" />
			<Add option="-fexceptions" />
		</Compiler>
		<Unit filename="Clase_Articulo.h" />
		<Unit filename="Clase_Backup.h" />
		<Unit filename="Clase_Cliente.h" />
		<Unit filename="Clase_Venta.h" />
		<Unit filename="Menu_Articulo.h" />
		<Unit filename="Menu_Backup.h" />
		<Unit filename="Menu_Cliente.h" />
		<Unit filename="Menu_Venta.h" />
		<Unit filename="Presentacion.h" />
		<Unit filename="main.cpp" />
		<Unit filename="rlutil.h" />
		<Unit filename="utilidades.h" />
		<Extensions>
			<lib_finder disable_auto="1" />
			<code_completion />
			<envvars />
			<debugger />
		</Extensions>
	</Project>
</CodeBlocks_project_file>
